
Microsoft Visual Studio Solution File, Format Version 12.00
# Visual Studio Version 16
VisualStudioVersion = 16.0.31129.286
MinimumVisualStudioVersion = 10.0.40219.1
Project("{FAE04EC0-301F-11D3-BF4B-00C04F79EFBC}") = "cookies_exporter", "cookies_exporter\cookies_exporter.csproj", "{CDC1F893-BA30-43AB-AC68-E6AB4C26CDB3}"
EndProject
Global
	GlobalSection(SolutionConfigurationPlatforms) = preSolution
		Debug|Any CPU = Debug|Any CPU
		Release|Any CPU = Release|Any CPU
	EndGlobalSection
	GlobalSection(ProjectConfigurationPlatforms) = postSolution
		{CDC1F893-BA30-43AB-AC68-E6AB4C26CDB3}.Debug|Any CPU.ActiveCfg = Debug|Any CPU
		{CDC1F893-BA30-43AB-AC68-E6AB4C26CDB3}.Debug|Any CPU.Build.0 = Debug|Any CPU
		{CDC1F893-BA30-43AB-AC68-E6AB4C26CDB3}.Release|Any CPU.ActiveCfg = Release|Any CPU
		{CDC1F893-BA30-43AB-AC68-E6AB4C26CDB3}.Release|Any CPU.Build.0 = Release|Any CPU
	EndGlobalSection
	GlobalSection(SolutionProperties) = preSolution
		HideSolutionNode = FALSE
	EndGlobalSection
	GlobalSection(ExtensibilityGlobals) = postSolution
		SolutionGuid = {159DE324-EC95-4BB4-86D7-08679DFF978B}
	EndGlobalSection
EndGlobal
